
Microsoft Visual Studio Solution File, Format Version 12.00
# Visual Studio Version 17
VisualStudioVersion = 17.1.32421.90
MinimumVisualStudioVersion = 10.0.40219.1
Project("{FAE04EC0-301F-11D3-BF4B-00C04F79EFBC}") = "LanchesMac", "LanchesMac\LanchesMac.csproj", "{31799A58-FEC9-41D6-AB0C-62FDE2606502}"
EndProject
Global
	GlobalSection(SolutionConfigurationPlatforms) = preSolution
		Debug|Any CPU = Debug|Any CPU
		Release|Any CPU = Release|Any CPU
	EndGlobalSection
	GlobalSection(ProjectConfigurationPlatforms) = postSolution
		{31799A58-FEC9-41D6-AB0C-62FDE2606502}.Debug|Any CPU.ActiveCfg = Debug|Any CPU
		{31799A58-FEC9-41D6-AB0C-62FDE2606502}.Debug|Any CPU.Build.0 = Debug|Any CPU
		{31799A58-FEC9-41D6-AB0C-62FDE2606502}.Release|Any CPU.ActiveCfg = Release|Any CPU
		{31799A58-FEC9-41D6-AB0C-62FDE2606502}.Release|Any CPU.Build.0 = Release|Any CPU
	EndGlobalSection
	GlobalSection(SolutionProperties) = preSolution
		HideSolutionNode = FALSE
	EndGlobalSection
	GlobalSection(ExtensibilityGlobals) = postSolution
		SolutionGuid = {E3D26A6F-B5A7-400B-9B77-A71163300E5D}
	EndGlobalSection
EndGlobal
